
Microsoft Visual Studio Solution File, Format Version 12.00
# Visual Studio Version 16
VisualStudioVersion = 16.0.31105.61
MinimumVisualStudioVersion = 10.0.40219.1
Project("{FAE04EC0-301F-11D3-BF4B-00C04F79EFBC}") = "WindowsFormsApplication", "WindowsFormsApplication\WindowsFormsApplication.csproj", "{BEA3C3E2-7B51-4CCA-8DC0-477A513A6384}"
EndProject
Global
	GlobalSection(SolutionConfigurationPlatforms) = preSolution
		Debug|Any CPU = Debug|Any CPU
		Release|Any CPU = Release|Any CPU
	EndGlobalSection
	GlobalSection(ProjectConfigurationPlatforms) = postSolution
		{BEA3C3E2-7B51-4CCA-8DC0-477A513A6384}.Debug|Any CPU.ActiveCfg = Debug|Any CPU
		{BEA3C3E2-7B51-4CCA-8DC0-477A513A6384}.Debug|Any CPU.Build.0 = Debug|Any CPU
		{BEA3C3E2-7B51-4CCA-8DC0-477A513A6384}.Release|Any CPU.ActiveCfg = Release|Any CPU
		{BEA3C3E2-7B51-4CCA-8DC0-477A513A6384}.Release|Any CPU.Build.0 = Release|Any CPU
	EndGlobalSection
	GlobalSection(SolutionProperties) = preSolution
		HideSolutionNode = FALSE
	EndGlobalSection
	GlobalSection(ExtensibilityGlobals) = postSolution
		SolutionGuid = {2CBD0E36-6E27-48F3-BAF2-D3A8EF6271E6}
	EndGlobalSection
EndGlobal
